
Microsoft Visual Studio Solution File, Format Version 12.00
# Visual Studio 15
VisualStudioVersion = 15.0.26730.8
MinimumVisualStudioVersion = 10.0.40219.1
Project("{9A19103F-16F7-4668-BE54-9A1E7A4F7556}") = "OddMonitor", "src\OddMonitor\OddMonitor.csproj", "{5850B9F8-B80B-4F38-86AF-440F3932C7F2}"
EndProject
Project("{9A19103F-16F7-4668-BE54-9A1E7A4F7556}") = "OddMonitor.Test", "test\OddMonitor.Test\OddMonitor.Test.csproj", "{FA814B9C-41B7-4634-BE48-16168D6F1ECD}"
EndProject
Global
	GlobalSection(SolutionConfigurationPlatforms) = preSolution
		Debug|Any CPU = Debug|Any CPU
		Debug|x64 = Debug|x64
		Debug|x86 = Debug|x86
		Release|Any CPU = Release|Any CPU
		Release|x64 = Release|x64
		Release|x86 = Release|x86
	EndGlobalSection
	GlobalSection(ProjectConfigurationPlatforms) = postSolution
		{5850B9F8-B80B-4F38-86AF-440F3932C7F2}.Debug|Any CPU.ActiveCfg = Debug|Any CPU
		{5850B9F8-B80B-4F38-86AF-440F3932C7F2}.Debug|Any CPU.Build.0 = Debug|Any CPU
		{5850B9F8-B80B-4F38-86AF-440F3932C7F2}.Debug|x64.ActiveCfg = Debug|Any CPU
		{5850B9F8-B80B-4F38-86AF-440F3932C7F2}.Debug|x64.Build.0 = Debug|Any CPU
		{5850B9F8-B80B-4F38-86AF-440F3932C7F2}.Debug|x86.ActiveCfg = Debug|Any CPU
		{5850B9F8-B80B-4F38-86AF-440F3932C7F2}.Debug|x86.Build.0 = Debug|Any CPU
		{5850B9F8-B80B-4F38-86AF-440F3932C7F2}.Release|Any CPU.ActiveCfg = Release|Any CPU
		{5850B9F8-B80B-4F38-86AF-440F3932C7F2}.Release|Any CPU.Build.0 = Release|Any CPU
		{5850B9F8-B80B-4F38-86AF-440F3932C7F2}.Release|x64.ActiveCfg = Release|Any CPU
		{5850B9F8-B80B-4F38-86AF-440F3932C7F2}.Release|x64.Build.0 = Release|Any CPU
		{5850B9F8-B80B-4F38-86AF-440F3932C7F2}.Release|x86.ActiveCfg = Release|Any CPU
		{5850B9F8-B80B-4F38-86AF-440F3932C7F2}.Release|x86.Build.0 = Release|Any CPU
		{FA814B9C-41B7-4634-BE48-16168D6F1ECD}.Debug|Any CPU.ActiveCfg = Debug|Any CPU
		{FA814B9C-41B7-4634-BE48-16168D6F1ECD}.Debug|Any CPU.Build.0 = Debug|Any CPU
		{FA814B9C-41B7-4634-BE48-16168D6F1ECD}.Debug|x64.ActiveCfg = Debug|Any CPU
		{FA814B9C-41B7-4634-BE48-16168D6F1ECD}.Debug|x64.Build.0 = Debug|Any CPU
		{FA814B9C-41B7-4634-BE48-16168D6F1ECD}.Debug|x86.ActiveCfg = Debug|Any CPU
		{FA814B9C-41B7-4634-BE48-16168D6F1ECD}.Debug|x86.Build.0 = Debug|Any CPU
		{FA814B9C-41B7-4634-BE48-16168D6F1ECD}.Release|Any CPU.ActiveCfg = Release|Any CPU
		{FA814B9C-41B7-4634-BE48-16168D6F1ECD}.Release|Any CPU.Build.0 = Release|Any CPU
		{FA814B9C-41B7-4634-BE48-16168D6F1ECD}.Release|x64.ActiveCfg = Release|Any CPU
		{FA814B9C-41B7-4634-BE48-16168D6F1ECD}.Release|x64.Build.0 = Release|Any CPU
		{FA814B9C-41B7-4634-BE48-16168D6F1ECD}.Release|x86.ActiveCfg = Release|Any CPU
		{FA814B9C-41B7-4634-BE48-16168D6F1ECD}.Release|x86.Build.0 = Release|Any CPU
	EndGlobalSection
	GlobalSection(SolutionProperties) = preSolution
		HideSolutionNode = FALSE
	EndGlobalSection
	GlobalSection(ExtensibilityGlobals) = postSolution
		SolutionGuid = {7F9B8DE2-FFF1-4D7F-9E80-39FD2EA4E8E6}
	EndGlobalSection
EndGlobal
